
Microsoft Visual Studio Solution File, Format Version 12.00
# Visual Studio 14
VisualStudioVersion = 14.0.25420.1
MinimumVisualStudioVersion = 10.0.40219.1
Project("{FAE04EC0-301F-11D3-BF4B-00C04F79EFBC}") = "EmployeeService", "EmployeeService\EmployeeService.csproj", "{035D07E0-CEA0-41CC-B7EC-2A1D90D339CA}"
EndProject
Project("{FAE04EC0-301F-11D3-BF4B-00C04F79EFBC}") = "EmployeeDataAccess", "EmployeeDataAccess\EmployeeDataAccess.csproj", "{421DB594-FBFC-4F15-8599-42B5026AE7E6}"
EndProject
Global
	GlobalSection(SolutionConfigurationPlatforms) = preSolution
		Debug|Any CPU = Debug|Any CPU
		Release|Any CPU = Release|Any CPU
	EndGlobalSection
	GlobalSection(ProjectConfigurationPlatforms) = postSolution
		{035D07E0-CEA0-41CC-B7EC-2A1D90D339CA}.Debug|Any CPU.ActiveCfg = Debug|Any CPU
		{035D07E0-CEA0-41CC-B7EC-2A1D90D339CA}.Debug|Any CPU.Build.0 = Debug|Any CPU
		{035D07E0-CEA0-41CC-B7EC-2A1D90D339CA}.Release|Any CPU.ActiveCfg = Release|Any CPU
		{035D07E0-CEA0-41CC-B7EC-2A1D90D339CA}.Release|Any CPU.Build.0 = Release|Any CPU
		{421DB594-FBFC-4F15-8599-42B5026AE7E6}.Debug|Any CPU.ActiveCfg = Debug|Any CPU
		{421DB594-FBFC-4F15-8599-42B5026AE7E6}.Debug|Any CPU.Build.0 = Debug|Any CPU
		{421DB594-FBFC-4F15-8599-42B5026AE7E6}.Release|Any CPU.ActiveCfg = Release|Any CPU
		{421DB594-FBFC-4F15-8599-42B5026AE7E6}.Release|Any CPU.Build.0 = Release|Any CPU
	EndGlobalSection
	GlobalSection(SolutionProperties) = preSolution
		HideSolutionNode = FALSE
	EndGlobalSection
EndGlobal
